
Microsoft Visual Studio Solution File, Format Version 12.00
# Visual Studio 15
VisualStudioVersion = 15.0.27130.2027
MinimumVisualStudioVersion = 10.0.40219.1
Project("{FAE04EC0-301F-11D3-BF4B-00C04F79EFBC}") = "Laba2", "Laba2\Laba2.csproj", "{1F3AE00C-60CF-4B05-8002-3009406C616F}"
EndProject
Global
	GlobalSection(SolutionConfigurationPlatforms) = preSolution
		Debug|Any CPU = Debug|Any CPU
		Release|Any CPU = Release|Any CPU
	EndGlobalSection
	GlobalSection(ProjectConfigurationPlatforms) = postSolution
		{1F3AE00C-60CF-4B05-8002-3009406C616F}.Debug|Any CPU.ActiveCfg = Debug|Any CPU
		{1F3AE00C-60CF-4B05-8002-3009406C616F}.Debug|Any CPU.Build.0 = Debug|Any CPU
		{1F3AE00C-60CF-4B05-8002-3009406C616F}.Release|Any CPU.ActiveCfg = Release|Any CPU
		{1F3AE00C-60CF-4B05-8002-3009406C616F}.Release|Any CPU.Build.0 = Release|Any CPU
	EndGlobalSection
	GlobalSection(SolutionProperties) = preSolution
		HideSolutionNode = FALSE
	EndGlobalSection
	GlobalSection(ExtensibilityGlobals) = postSolution
		SolutionGuid = {CCC526F4-E200-41FA-8418-1AD176FC8F8E}
	EndGlobalSection
EndGlobal
